
Microsoft Visual Studio Solution File, Format Version 12.00
# Visual Studio Version 17
VisualStudioVersion = 17.11.35005.142
MinimumVisualStudioVersion = 10.0.40219.1
Project("{FAE04EC0-301F-11D3-BF4B-00C04F79EFBC}") = "DotNet8JsonCrud.Api", "DotNet8JsonCrud.Api\DotNet8JsonCrud.Api.csproj", "{D35892F3-59DC-4CBE-9CF8-C012C925EA4E}"
EndProject
Global
	GlobalSection(SolutionConfigurationPlatforms) = preSolution
		Debug|Any CPU = Debug|Any CPU
		Release|Any CPU = Release|Any CPU
	EndGlobalSection
	GlobalSection(ProjectConfigurationPlatforms) = postSolution
		{D35892F3-59DC-4CBE-9CF8-C012C925EA4E}.Debug|Any CPU.ActiveCfg = Debug|Any CPU
		{D35892F3-59DC-4CBE-9CF8-C012C925EA4E}.Debug|Any CPU.Build.0 = Debug|Any CPU
		{D35892F3-59DC-4CBE-9CF8-C012C925EA4E}.Release|Any CPU.ActiveCfg = Release|Any CPU
		{D35892F3-59DC-4CBE-9CF8-C012C925EA4E}.Release|Any CPU.Build.0 = Release|Any CPU
	EndGlobalSection
	GlobalSection(SolutionProperties) = preSolution
		HideSolutionNode = FALSE
	EndGlobalSection
	GlobalSection(ExtensibilityGlobals) = postSolution
		SolutionGuid = {92AAC204-0D2C-4210-A20A-9F262F04A892}
	EndGlobalSection
EndGlobal
